
Microsoft Visual Studio Solution File, Format Version 12.00
# Visual Studio 15
VisualStudioVersion = 15.0.27130.2036
MinimumVisualStudioVersion = 10.0.40219.1
Project("{9A19103F-16F7-4668-BE54-9A1E7A4F7556}") = "Magic8BallAPI", "Magic8BallAPI\Magic8BallAPI.csproj", "{21F563CE-2453-45AB-8539-7B550B44ED72}"
EndProject
Project("{9A19103F-16F7-4668-BE54-9A1E7A4F7556}") = "Magic8Ball", "Magic8Ball\Magic8Ball.csproj", "{4D06833A-8E3A-4322-90A0-7BB36789296D}"
EndProject
Global
	GlobalSection(SolutionConfigurationPlatforms) = preSolution
		Debug|Any CPU = Debug|Any CPU
		Release|Any CPU = Release|Any CPU
	EndGlobalSection
	GlobalSection(ProjectConfigurationPlatforms) = postSolution
		{21F563CE-2453-45AB-8539-7B550B44ED72}.Debug|Any CPU.ActiveCfg = Debug|Any CPU
		{21F563CE-2453-45AB-8539-7B550B44ED72}.Debug|Any CPU.Build.0 = Debug|Any CPU
		{21F563CE-2453-45AB-8539-7B550B44ED72}.Release|Any CPU.ActiveCfg = Release|Any CPU
		{21F563CE-2453-45AB-8539-7B550B44ED72}.Release|Any CPU.Build.0 = Release|Any CPU
		{4D06833A-8E3A-4322-90A0-7BB36789296D}.Debug|Any CPU.ActiveCfg = Debug|Any CPU
		{4D06833A-8E3A-4322-90A0-7BB36789296D}.Debug|Any CPU.Build.0 = Debug|Any CPU
		{4D06833A-8E3A-4322-90A0-7BB36789296D}.Release|Any CPU.ActiveCfg = Release|Any CPU
		{4D06833A-8E3A-4322-90A0-7BB36789296D}.Release|Any CPU.Build.0 = Release|Any CPU
	EndGlobalSection
	GlobalSection(SolutionProperties) = preSolution
		HideSolutionNode = FALSE
	EndGlobalSection
	GlobalSection(ExtensibilityGlobals) = postSolution
		SolutionGuid = {5DBC6ED2-CF30-4FFC-9B59-F5AECD976922}
	EndGlobalSection
EndGlobal
